{
  "name": "cli",
  "lockfileVersion": 3,
  "requires": true,
  "packages": {
    "": {
      "name": "cli",
      "dependencies": {
        "@clack/prompts": "^0.9.1",
        "axios": "^1.7.9"
      },
      "devDependencies": {
        "@types/bun": "latest"
      },
      "peerDependencies": {
        "typescript": "^5.0.0"
      }
    },
    "node_modules/@clack/core": {
      "version": "0.4.1",
      "resolved": "https://registry.npmjs.org/@clack/core/-/core-0.4.1.tgz",
      "integrity": "sha512-Pxhij4UXg8KSr7rPek6Zowm+5M22rbd2g1nfojHJkxp5YkFqiZ2+YLEM/XGVIzvGOcM0nqjIFxrpDwWRZYWYjA==",
      "license": "MIT",
      "dependencies": {
        "picocolors": "^1.0.0",
        "sisteransi": "^1.0.5"
      }
    },
    "node_modules/@clack/prompts": {
      "version": "0.9.1",
      "resolved": "https://registry.npmjs.org/@clack/prompts/-/prompts-0.9.1.tgz",
      "integrity": "sha512-JIpyaboYZeWYlyP0H+OoPPxd6nqueG/CmN6ixBiNFsIDHREevjIf0n0Ohh5gr5C8pEDknzgvz+pIJ8dMhzWIeg==",
      "license": "MIT",
      "dependencies": {
        "@clack/core": "0.4.1",
        "picocolors": "^1.0.0",
        "sisteransi": "^1.0.5"
      }
    },
    "node_modules/@types/bun": {
      "version": "1.2.1",
      "resolved": "https://registry.npmjs.org/@types/bun/-/bun-1.2.1.tgz",
      "integrity": "sha512-iiCeMAKMkft8EPQJxSbpVRD0DKqrh91w40zunNajce3nMNNFd/LnAquVisSZC+UpTMjDwtcdyzbWct08IvEqRA==",
      "dev": true,
      "license": "MIT",
      "dependencies": {
        "bun-types": "1.2.1"
      }
    },
    "node_modules/@types/node": {
      "version": "22.12.0",
      "dev": true,
      "license": "MIT",
      "dependencies": {
        "undici-types": "~6.20.0"
      }
    },
    "node_modules/@types/ws": {
      "version": "8.5.14",
      "dev": true,
      "license": "MIT",
      "dependencies": {
        "@types/node": "*"
      }
    },
    "node_modules/asynckit": {
      "version": "0.4.0",
      "license": "MIT"
    },
    "node_modules/axios": {
      "version": "1.7.9",
      "license": "MIT",
      "dependencies": {
        "follow-redirects": "^1.15.6",
        "form-data": "^4.0.0",
        "proxy-from-env": "^1.1.0"
      }
    },
    "node_modules/bun-types": {
      "version": "1.2.1",
      "dev": true,
      "license": "MIT",
      "dependencies": {
        "@types/node": "*",
        "@types/ws": "~8.5.10"
      }
    },
    "node_modules/combined-stream": {
      "version": "1.0.8",
      "license": "MIT",
      "dependencies": {
        "delayed-stream": "~1.0.0"
      },
      "engines": {
        "node": ">= 0.8"
      }
    },
    "node_modules/delayed-stream": {
      "version": "1.0.0",
      "license": "MIT",
      "engines": {
        "node": ">=0.4.0"
      }
    },
    "node_modules/follow-redirects": {
      "version": "1.15.9",
      "funding": [
        {
          "type": "individual",
          "url": "https://github.com/sponsors/RubenVerborgh"
        }
      ],
      "license": "MIT",
      "engines": {
        "node": ">=4.0"
      },
      "peerDependenciesMeta": {
        "debug": {
          "optional": true
        }
      }
    },
    "node_modules/form-data": {
      "version": "4.0.1",
      "license": "MIT",
      "dependencies": {
        "asynckit": "^0.4.0",
        "combined-stream": "^1.0.8",
        "mime-types": "^2.1.12"
      },
      "engines": {
        "node": ">= 6"
      }
    },
    "node_modules/mime-db": {
      "version": "1.52.0",
      "license": "MIT",
      "engines": {
        "node": ">= 0.6"
      }
    },
    "node_modules/mime-types": {
      "version": "2.1.35",
      "license": "MIT",
      "dependencies": {
        "mime-db": "1.52.0"
      },
      "engines": {
        "node": ">= 0.6"
      }
    },
    "node_modules/picocolors": {
      "version": "1.1.1",
      "resolved": "https://registry.npmjs.org/picocolors/-/picocolors-1.1.1.tgz",
      "integrity": "sha512-xceH2snhtb5M9liqDsmEw56le376mTZkEX/jEb/RxNFyegNul7eNslCXP9FDj/Lcu0X8KEyMceP2ntpaHrDEVA==",
      "license": "ISC"
    },
    "node_modules/proxy-from-env": {
      "version": "1.1.0",
      "license": "MIT"
    },
    "node_modules/sisteransi": {
      "version": "1.0.5",
      "resolved": "https://registry.npmjs.org/sisteransi/-/sisteransi-1.0.5.tgz",
      "integrity": "sha512-bLGGlR1QxBcynn2d5YmDX4MGjlZvy2MRBDRNHLJ8VI6l6+9FUiyTFNJ0IveOSP0bcXgVDPRcfGqA0pjaqUpfVg==",
      "license": "MIT"
    },
    "node_modules/typescript": {
      "version": "5.7.3",
      "license": "Apache-2.0",
      "peer": true,
      "bin": {
        "tsc": "bin/tsc",
        "tsserver": "bin/tsserver"
      },
      "engines": {
        "node": ">=14.17"
      }
    },
    "node_modules/undici-types": {
      "version": "6.20.0",
      "dev": true,
      "license": "MIT"
    }
  }
}
